
Microsoft Visual Studio Solution File, Format Version 12.00
# Visual Studio Version 17
VisualStudioVersion = 17.2.32519.379
MinimumVisualStudioVersion = 10.0.40219.1
Project("{FAE04EC0-301F-11D3-BF4B-00C04F79EFBC}") = "DadJokesApp.Android", "DadJokesApp\DadJokesApp.Android\DadJokesApp.Android.csproj", "{A422C916-9F50-4552-B5B5-1310AC32BE74}"
EndProject
Project("{FAE04EC0-301F-11D3-BF4B-00C04F79EFBC}") = "DadJokesApp.iOS", "DadJokesApp\DadJokesApp.iOS\DadJokesApp.iOS.csproj", "{7E3EFD89-EF16-42D7-8496-B3E14CA964BB}"
EndProject
Project("{FAE04EC0-301F-11D3-BF4B-00C04F79EFBC}") = "DadJokesApp", "DadJokesApp\DadJokesApp\DadJokesApp.csproj", "{0FB1F1D3-4C69-42EA-A81D-CEFDA3FF486A}"
EndProject
Global
	GlobalSection(SolutionConfigurationPlatforms) = preSolution
		Debug|Any CPU = Debug|Any CPU
		Debug|iPhone = Debug|iPhone
		Debug|iPhoneSimulator = Debug|iPhoneSimulator
		Release|Any CPU = Release|Any CPU
		Release|iPhone = Release|iPhone
		Release|iPhoneSimulator = Release|iPhoneSimulator
	EndGlobalSection
	GlobalSection(ProjectConfigurationPlatforms) = postSolution
		{A422C916-9F50-4552-B5B5-1310AC32BE74}.Debug|Any CPU.ActiveCfg = Debug|Any CPU
		{A422C916-9F50-4552-B5B5-1310AC32BE74}.Debug|Any CPU.Build.0 = Debug|Any CPU
		{A422C916-9F50-4552-B5B5-1310AC32BE74}.Debug|Any CPU.Deploy.0 = Debug|Any CPU
		{A422C916-9F50-4552-B5B5-1310AC32BE74}.Debug|iPhone.ActiveCfg = Debug|Any CPU
		{A422C916-9F50-4552-B5B5-1310AC32BE74}.Debug|iPhone.Build.0 = Debug|Any CPU
		{A422C916-9F50-4552-B5B5-1310AC32BE74}.Debug|iPhone.Deploy.0 = Debug|Any CPU
		{A422C916-9F50-4552-B5B5-1310AC32BE74}.Debug|iPhoneSimulator.ActiveCfg = Debug|Any CPU
		{A422C916-9F50-4552-B5B5-1310AC32BE74}.Debug|iPhoneSimulator.Build.0 = Debug|Any CPU
		{A422C916-9F50-4552-B5B5-1310AC32BE74}.Debug|iPhoneSimulator.Deploy.0 = Debug|Any CPU
		{A422C916-9F50-4552-B5B5-1310AC32BE74}.Release|Any CPU.ActiveCfg = Release|Any CPU
		{A422C916-9F50-4552-B5B5-1310AC32BE74}.Release|Any CPU.Build.0 = Release|Any CPU
		{A422C916-9F50-4552-B5B5-1310AC32BE74}.Release|Any CPU.Deploy.0 = Release|Any CPU
		{A422C916-9F50-4552-B5B5-1310AC32BE74}.Release|iPhone.ActiveCfg = Release|Any CPU
		{A422C916-9F50-4552-B5B5-1310AC32BE74}.Release|iPhone.Build.0 = Release|Any CPU
		{A422C916-9F50-4552-B5B5-1310AC32BE74}.Release|iPhone.Deploy.0 = Release|Any CPU
		{A422C916-9F50-4552-B5B5-1310AC32BE74}.Release|iPhoneSimulator.ActiveCfg = Release|Any CPU
		{A422C916-9F50-4552-B5B5-1310AC32BE74}.Release|iPhoneSimulator.Build.0 = Release|Any CPU
		{A422C916-9F50-4552-B5B5-1310AC32BE74}.Release|iPhoneSimulator.Deploy.0 = Release|Any CPU
		{7E3EFD89-EF16-42D7-8496-B3E14CA964BB}.Debug|Any CPU.ActiveCfg = Debug|iPhone
		{7E3EFD89-EF16-42D7-8496-B3E14CA964BB}.Debug|Any CPU.Build.0 = Debug|iPhone
		{7E3EFD89-EF16-42D7-8496-B3E14CA964BB}.Debug|Any CPU.Deploy.0 = Debug|iPhone
		{7E3EFD89-EF16-42D7-8496-B3E14CA964BB}.Debug|iPhone.ActiveCfg = Debug|iPhone
		{7E3EFD89-EF16-42D7-8496-B3E14CA964BB}.Debug|iPhone.Build.0 = Debug|iPhone
		{7E3EFD89-EF16-42D7-8496-B3E14CA964BB}.Debug|iPhone.Deploy.0 = Debug|iPhone
		{7E3EFD89-EF16-42D7-8496-B3E14CA964BB}.Debug|iPhoneSimulator.ActiveCfg = Debug|iPhoneSimulator
		{7E3EFD89-EF16-42D7-8496-B3E14CA964BB}.Debug|iPhoneSimulator.Build.0 = Debug|iPhoneSimulator
		{7E3EFD89-EF16-42D7-8496-B3E14CA964BB}.Debug|iPhoneSimulator.Deploy.0 = Debug|iPhoneSimulator
		{7E3EFD89-EF16-42D7-8496-B3E14CA964BB}.Release|Any CPU.ActiveCfg = Release|iPhoneSimulator
		{7E3EFD89-EF16-42D7-8496-B3E14CA964BB}.Release|Any CPU.Build.0 = Release|iPhoneSimulator
		{7E3EFD89-EF16-42D7-8496-B3E14CA964BB}.Release|Any CPU.Deploy.0 = Release|iPhoneSimulator
		{7E3EFD89-EF16-42D7-8496-B3E14CA964BB}.Release|iPhone.ActiveCfg = Release|iPhone
		{7E3EFD89-EF16-42D7-8496-B3E14CA964BB}.Release|iPhone.Build.0 = Release|iPhone
		{7E3EFD89-EF16-42D7-8496-B3E14CA964BB}.Release|iPhone.Deploy.0 = Release|iPhone
		{7E3EFD89-EF16-42D7-8496-B3E14CA964BB}.Release|iPhoneSimulator.ActiveCfg = Release|iPhoneSimulator
		{7E3EFD89-EF16-42D7-8496-B3E14CA964BB}.Release|iPhoneSimulator.Build.0 = Release|iPhoneSimulator
		{7E3EFD89-EF16-42D7-8496-B3E14CA964BB}.Release|iPhoneSimulator.Deploy.0 = Release|iPhoneSimulator
		{0FB1F1D3-4C69-42EA-A81D-CEFDA3FF486A}.Debug|Any CPU.ActiveCfg = Debug|Any CPU
		{0FB1F1D3-4C69-42EA-A81D-CEFDA3FF486A}.Debug|Any CPU.Build.0 = Debug|Any CPU
		{0FB1F1D3-4C69-42EA-A81D-CEFDA3FF486A}.Debug|Any CPU.Deploy.0 = Debug|Any CPU
		{0FB1F1D3-4C69-42EA-A81D-CEFDA3FF486A}.Debug|iPhone.ActiveCfg = Debug|Any CPU
		{0FB1F1D3-4C69-42EA-A81D-CEFDA3FF486A}.Debug|iPhone.Build.0 = Debug|Any CPU
		{0FB1F1D3-4C69-42EA-A81D-CEFDA3FF486A}.Debug|iPhone.Deploy.0 = Debug|Any CPU
		{0FB1F1D3-4C69-42EA-A81D-CEFDA3FF486A}.Debug|iPhoneSimulator.ActiveCfg = Debug|Any CPU
		{0FB1F1D3-4C69-42EA-A81D-CEFDA3FF486A}.Debug|iPhoneSimulator.Build.0 = Debug|Any CPU
		{0FB1F1D3-4C69-42EA-A81D-CEFDA3FF486A}.Debug|iPhoneSimulator.Deploy.0 = Debug|Any CPU
		{0FB1F1D3-4C69-42EA-A81D-CEFDA3FF486A}.Release|Any CPU.ActiveCfg = Release|Any CPU
		{0FB1F1D3-4C69-42EA-A81D-CEFDA3FF486A}.Release|Any CPU.Build.0 = Release|Any CPU
		{0FB1F1D3-4C69-42EA-A81D-CEFDA3FF486A}.Release|Any CPU.Deploy.0 = Release|Any CPU
		{0FB1F1D3-4C69-42EA-A81D-CEFDA3FF486A}.Release|iPhone.ActiveCfg = Release|Any CPU
		{0FB1F1D3-4C69-42EA-A81D-CEFDA3FF486A}.Release|iPhone.Build.0 = Release|Any CPU
		{0FB1F1D3-4C69-42EA-A81D-CEFDA3FF486A}.Release|iPhone.Deploy.0 = Release|Any CPU
		{0FB1F1D3-4C69-42EA-A81D-CEFDA3FF486A}.Release|iPhoneSimulator.ActiveCfg = Release|Any CPU
		{0FB1F1D3-4C69-42EA-A81D-CEFDA3FF486A}.Release|iPhoneSimulator.Build.0 = Release|Any CPU
		{0FB1F1D3-4C69-42EA-A81D-CEFDA3FF486A}.Release|iPhoneSimulator.Deploy.0 = Release|Any CPU
	EndGlobalSection
	GlobalSection(SolutionProperties) = preSolution
		HideSolutionNode = FALSE
	EndGlobalSection
	GlobalSection(ExtensibilityGlobals) = postSolution
		SolutionGuid = {DFF68D62-78F6-4D0C-A696-A96508EB56AE}
	EndGlobalSection
EndGlobal
